
Microsoft Visual Studio Solution File, Format Version 12.00
# Visual Studio 2012
Project("{2150E333-8FDC-42A3-9474-1A3956D46DE8}") = "Tests", "Tests", "{62D7089D-37DB-4B9C-9912-61441AAA1490}"
EndProject
Project("{FAE04EC0-301F-11D3-BF4B-00C04F79EFBC}") = "BugFreak", "Core\BugFreak\BugFreak.csproj", "{6423CEA7-9E46-48C4-B3C5-C0CFA5E5FF7A}"
EndProject
Project("{FAE04EC0-301F-11D3-BF4B-00C04F79EFBC}") = "BugFreak.Tests", "Core\BugFreak.Tests\BugFreak.Tests.csproj", "{CAAC4A64-B32A-4011-952E-DED8225DEA8C}"
EndProject
Project("{FAE04EC0-301F-11D3-BF4B-00C04F79EFBC}") = "BugFreak.Silverlight", "BugFreak.Silverlight\BugFreak.Silverlight.csproj", "{F67A0D17-6AB8-468B-B44A-1921998B075B}"
EndProject
Project("{FAE04EC0-301F-11D3-BF4B-00C04F79EFBC}") = "BugFreak.WPF", "BugFreak.WPF\BugFreak.WPF.csproj", "{A27585F1-FCEE-407A-AFF0-F4D2300CA226}"
EndProject
Project("{FAE04EC0-301F-11D3-BF4B-00C04F79EFBC}") = "BugFreak.MVC3", "BugFreak.MVC3\BugFreak.MVC3.csproj", "{5E6FC290-8B43-4E53-BB07-CC2ABD839B75}"
EndProject
Project("{FAE04EC0-301F-11D3-BF4B-00C04F79EFBC}") = "BugFreak.WPF.Tests", "BugFreak.WPF.Tests\BugFreak.WPF.Tests.csproj", "{73982C18-43D0-4D58-859E-9DC7D26AE495}"
EndProject
Project("{2150E333-8FDC-42A3-9474-1A3956D46DE8}") = "Samples", "Samples", "{A673F37C-A8F8-4BA3-ABFA-E4AF497A4E3B}"
EndProject
Project("{FAE04EC0-301F-11D3-BF4B-00C04F79EFBC}") = "Wpf.Sample", "Samples\Wpf.Sample\Wpf.Sample.csproj", "{89BC656B-E102-4812-8C82-FC2F3DB23A94}"
EndProject
Project("{FAE04EC0-301F-11D3-BF4B-00C04F79EFBC}") = "MVC3.Sample", "Samples\MVC3.Sample\MVC3.Sample.csproj", "{FD1B6F63-EBE6-46FA-B85B-D98A698662FD}"
EndProject
Project("{FAE04EC0-301F-11D3-BF4B-00C04F79EFBC}") = "Silverlight.Sample", "Samples\Silverlight.Sample\Silverlight.Sample.csproj", "{DFEA50F5-3668-48C5-AFB4-C874E23E0786}"
EndProject
Global
	GlobalSection(SolutionConfigurationPlatforms) = preSolution
		Debug|Any CPU = Debug|Any CPU
		Release|Any CPU = Release|Any CPU
	EndGlobalSection
	GlobalSection(ProjectConfigurationPlatforms) = postSolution
		{6423CEA7-9E46-48C4-B3C5-C0CFA5E5FF7A}.Debug|Any CPU.ActiveCfg = Debug|Any CPU
		{6423CEA7-9E46-48C4-B3C5-C0CFA5E5FF7A}.Debug|Any CPU.Build.0 = Debug|Any CPU
		{6423CEA7-9E46-48C4-B3C5-C0CFA5E5FF7A}.Release|Any CPU.ActiveCfg = Release|Any CPU
		{6423CEA7-9E46-48C4-B3C5-C0CFA5E5FF7A}.Release|Any CPU.Build.0 = Release|Any CPU
		{CAAC4A64-B32A-4011-952E-DED8225DEA8C}.Debug|Any CPU.ActiveCfg = Debug|Any CPU
		{CAAC4A64-B32A-4011-952E-DED8225DEA8C}.Debug|Any CPU.Build.0 = Debug|Any CPU
		{CAAC4A64-B32A-4011-952E-DED8225DEA8C}.Release|Any CPU.ActiveCfg = Release|Any CPU
		{CAAC4A64-B32A-4011-952E-DED8225DEA8C}.Release|Any CPU.Build.0 = Release|Any CPU
		{F67A0D17-6AB8-468B-B44A-1921998B075B}.Debug|Any CPU.ActiveCfg = Debug|Any CPU
		{F67A0D17-6AB8-468B-B44A-1921998B075B}.Debug|Any CPU.Build.0 = Debug|Any CPU
		{F67A0D17-6AB8-468B-B44A-1921998B075B}.Release|Any CPU.ActiveCfg = Release|Any CPU
		{F67A0D17-6AB8-468B-B44A-1921998B075B}.Release|Any CPU.Build.0 = Release|Any CPU
		{A27585F1-FCEE-407A-AFF0-F4D2300CA226}.Debug|Any CPU.ActiveCfg = Debug|Any CPU
		{A27585F1-FCEE-407A-AFF0-F4D2300CA226}.Debug|Any CPU.Build.0 = Debug|Any CPU
		{A27585F1-FCEE-407A-AFF0-F4D2300CA226}.Release|Any CPU.ActiveCfg = Release|Any CPU
		{A27585F1-FCEE-407A-AFF0-F4D2300CA226}.Release|Any CPU.Build.0 = Release|Any CPU
		{5E6FC290-8B43-4E53-BB07-CC2ABD839B75}.Debug|Any CPU.ActiveCfg = Debug|Any CPU
		{5E6FC290-8B43-4E53-BB07-CC2ABD839B75}.Debug|Any CPU.Build.0 = Debug|Any CPU
		{5E6FC290-8B43-4E53-BB07-CC2ABD839B75}.Release|Any CPU.ActiveCfg = Release|Any CPU
		{5E6FC290-8B43-4E53-BB07-CC2ABD839B75}.Release|Any CPU.Build.0 = Release|Any CPU
		{73982C18-43D0-4D58-859E-9DC7D26AE495}.Debug|Any CPU.ActiveCfg = Debug|Any CPU
		{73982C18-43D0-4D58-859E-9DC7D26AE495}.Debug|Any CPU.Build.0 = Debug|Any CPU
		{73982C18-43D0-4D58-859E-9DC7D26AE495}.Release|Any CPU.ActiveCfg = Release|Any CPU
		{73982C18-43D0-4D58-859E-9DC7D26AE495}.Release|Any CPU.Build.0 = Release|Any CPU
		{89BC656B-E102-4812-8C82-FC2F3DB23A94}.Debug|Any CPU.ActiveCfg = Debug|Any CPU
		{89BC656B-E102-4812-8C82-FC2F3DB23A94}.Debug|Any CPU.Build.0 = Debug|Any CPU
		{89BC656B-E102-4812-8C82-FC2F3DB23A94}.Release|Any CPU.ActiveCfg = Release|Any CPU
		{89BC656B-E102-4812-8C82-FC2F3DB23A94}.Release|Any CPU.Build.0 = Release|Any CPU
		{FD1B6F63-EBE6-46FA-B85B-D98A698662FD}.Debug|Any CPU.ActiveCfg = Debug|Any CPU
		{FD1B6F63-EBE6-46FA-B85B-D98A698662FD}.Debug|Any CPU.Build.0 = Debug|Any CPU
		{FD1B6F63-EBE6-46FA-B85B-D98A698662FD}.Release|Any CPU.ActiveCfg = Release|Any CPU
		{FD1B6F63-EBE6-46FA-B85B-D98A698662FD}.Release|Any CPU.Build.0 = Release|Any CPU
		{DFEA50F5-3668-48C5-AFB4-C874E23E0786}.Debug|Any CPU.ActiveCfg = Debug|Any CPU
		{DFEA50F5-3668-48C5-AFB4-C874E23E0786}.Debug|Any CPU.Build.0 = Debug|Any CPU
		{DFEA50F5-3668-48C5-AFB4-C874E23E0786}.Release|Any CPU.ActiveCfg = Release|Any CPU
		{DFEA50F5-3668-48C5-AFB4-C874E23E0786}.Release|Any CPU.Build.0 = Release|Any CPU
	EndGlobalSection
	GlobalSection(SolutionProperties) = preSolution
		HideSolutionNode = FALSE
	EndGlobalSection
	GlobalSection(NestedProjects) = preSolution
		{CAAC4A64-B32A-4011-952E-DED8225DEA8C} = {62D7089D-37DB-4B9C-9912-61441AAA1490}
		{73982C18-43D0-4D58-859E-9DC7D26AE495} = {62D7089D-37DB-4B9C-9912-61441AAA1490}
		{89BC656B-E102-4812-8C82-FC2F3DB23A94} = {A673F37C-A8F8-4BA3-ABFA-E4AF497A4E3B}
		{FD1B6F63-EBE6-46FA-B85B-D98A698662FD} = {A673F37C-A8F8-4BA3-ABFA-E4AF497A4E3B}
		{DFEA50F5-3668-48C5-AFB4-C874E23E0786} = {A673F37C-A8F8-4BA3-ABFA-E4AF497A4E3B}
	EndGlobalSection
EndGlobal
