
Microsoft Visual Studio Solution File, Format Version 12.00
# Visual Studio 2012
Project("{FAE04EC0-301F-11D3-BF4B-00C04F79EFBC}") = "BugFreak.Integration.WPF", "BugFreak.Integration.WPF\BugFreak.Integration.WPF.csproj", "{A27585F1-FCEE-407A-AFF0-F4D2300CA226}"
EndProject
Project("{FAE04EC0-301F-11D3-BF4B-00C04F79EFBC}") = "BugFreak.Integration.Silverlight", "BugFreak.Integration.Silverlight\BugFreak.Integration.Silverlight.csproj", "{F67A0D17-6AB8-468B-B44A-1921998B075B}"
EndProject
Project("{FAE04EC0-301F-11D3-BF4B-00C04F79EFBC}") = "BugFreak", "BugFreak.Core\BugFreak\BugFreak.csproj", "{6423CEA7-9E46-48C4-B3C5-C0CFA5E5FF7A}"
EndProject
Global
	GlobalSection(SolutionConfigurationPlatforms) = preSolution
		Debug|Any CPU = Debug|Any CPU
		Release|Any CPU = Release|Any CPU
	EndGlobalSection
	GlobalSection(ProjectConfigurationPlatforms) = postSolution
		{A27585F1-FCEE-407A-AFF0-F4D2300CA226}.Debug|Any CPU.ActiveCfg = Debug|Any CPU
		{A27585F1-FCEE-407A-AFF0-F4D2300CA226}.Debug|Any CPU.Build.0 = Debug|Any CPU
		{A27585F1-FCEE-407A-AFF0-F4D2300CA226}.Release|Any CPU.ActiveCfg = Release|Any CPU
		{A27585F1-FCEE-407A-AFF0-F4D2300CA226}.Release|Any CPU.Build.0 = Release|Any CPU
		{F67A0D17-6AB8-468B-B44A-1921998B075B}.Debug|Any CPU.ActiveCfg = Debug|Any CPU
		{F67A0D17-6AB8-468B-B44A-1921998B075B}.Debug|Any CPU.Build.0 = Debug|Any CPU
		{F67A0D17-6AB8-468B-B44A-1921998B075B}.Release|Any CPU.ActiveCfg = Release|Any CPU
		{F67A0D17-6AB8-468B-B44A-1921998B075B}.Release|Any CPU.Build.0 = Release|Any CPU
		{6423CEA7-9E46-48C4-B3C5-C0CFA5E5FF7A}.Debug|Any CPU.ActiveCfg = Debug|Any CPU
		{6423CEA7-9E46-48C4-B3C5-C0CFA5E5FF7A}.Debug|Any CPU.Build.0 = Debug|Any CPU
		{6423CEA7-9E46-48C4-B3C5-C0CFA5E5FF7A}.Release|Any CPU.ActiveCfg = Release|Any CPU
		{6423CEA7-9E46-48C4-B3C5-C0CFA5E5FF7A}.Release|Any CPU.Build.0 = Release|Any CPU
	EndGlobalSection
	GlobalSection(SolutionProperties) = preSolution
		HideSolutionNode = FALSE
	EndGlobalSection
EndGlobal
