
Microsoft Visual Studio Solution File, Format Version 12.00
# Visual Studio 2012
Project("{2150E333-8FDC-42A3-9474-1A3956D46DE8}") = "Tests", "Tests", "{62D7089D-37DB-4B9C-9912-61441AAA1490}"
EndProject
Project("{FAE04EC0-301F-11D3-BF4B-00C04F79EFBC}") = "BugFreak", "Core\BugFreak\BugFreak.csproj", "{6423CEA7-9E46-48C4-B3C5-C0CFA5E5FF7A}"
EndProject
Project("{FAE04EC0-301F-11D3-BF4B-00C04F79EFBC}") = "BugFreak.Tests", "Core\BugFreak.Tests\BugFreak.Tests.csproj", "{CAAC4A64-B32A-4011-952E-DED8225DEA8C}"
EndProject
Project("{FAE04EC0-301F-11D3-BF4B-00C04F79EFBC}") = "BugFreak.Silverlight", "BugFreak.Silverlight\BugFreak.Silverlight.csproj", "{F67A0D17-6AB8-468B-B44A-1921998B075B}"
EndProject
Project("{FAE04EC0-301F-11D3-BF4B-00C04F79EFBC}") = "BugFreak.WPF", "BugFreak.WPF\BugFreak.WPF.csproj", "{A27585F1-FCEE-407A-AFF0-F4D2300CA226}"
EndProject
Project("{FAE04EC0-301F-11D3-BF4B-00C04F79EFBC}") = "BugFreak.MVC3", "BugFreak.MVC3\BugFreak.MVC3.csproj", "{5E6FC290-8B43-4E53-BB07-CC2ABD839B75}"
EndProject
Project("{FAE04EC0-301F-11D3-BF4B-00C04F79EFBC}") = "BugFreak.WPF.Tests", "BugFreak.WPF.Tests\BugFreak.WPF.Tests.csproj", "{73982C18-43D0-4D58-859E-9DC7D26AE495}"
EndProject
Project("{2150E333-8FDC-42A3-9474-1A3956D46DE8}") = "Samples", "Samples", "{A673F37C-A8F8-4BA3-ABFA-E4AF497A4E3B}"
EndProject
Project("{FAE04EC0-301F-11D3-BF4B-00C04F79EFBC}") = "Wpf.Sample", "Samples\Wpf.Sample\Wpf.Sample.csproj", "{89BC656B-E102-4812-8C82-FC2F3DB23A94}"
EndProject
Project("{FAE04EC0-301F-11D3-BF4B-00C04F79EFBC}") = "MVC3.Sample", "Samples\MVC3.Sample\MVC3.Sample.csproj", "{FD1B6F63-EBE6-46FA-B85B-D98A698662FD}"
EndProject
Project("{FAE04EC0-301F-11D3-BF4B-00C04F79EFBC}") = "Silverlight.Sample", "Samples\Silverlight.Sample\Silverlight.Sample.csproj", "{DFEA50F5-3668-48C5-AFB4-C874E23E0786}"
EndProject
Project("{FAE04EC0-301F-11D3-BF4B-00C04F79EFBC}") = "BugFreak.WinRT", "BugFreak.WinRT\BugFreak.WinRT.csproj", "{B068DE33-0C58-4363-92AE-3A0D33B283C6}"
EndProject
Project("{FAE04EC0-301F-11D3-BF4B-00C04F79EFBC}") = "BugFreak.WinRT.Lib", "BugFreak.WinRT.Lib\BugFreak.WinRT.Lib.csproj", "{F7853041-052E-4539-B178-665C6A4154F0}"
EndProject
Project("{FAE04EC0-301F-11D3-BF4B-00C04F79EFBC}") = "BugFreak.WinRT.Tests", "BugFreak.WinRT.Tests\BugFreak.WinRT.Tests.csproj", "{E2822050-3DD1-448E-818D-A8FC2B8CD083}"
EndProject
Global
	GlobalSection(SolutionConfigurationPlatforms) = preSolution
		Debug|Any CPU = Debug|Any CPU
		Debug|ARM = Debug|ARM
		Debug|x64 = Debug|x64
		Debug|x86 = Debug|x86
		Release|Any CPU = Release|Any CPU
		Release|ARM = Release|ARM
		Release|x64 = Release|x64
		Release|x86 = Release|x86
	EndGlobalSection
	GlobalSection(ProjectConfigurationPlatforms) = postSolution
		{6423CEA7-9E46-48C4-B3C5-C0CFA5E5FF7A}.Debug|Any CPU.ActiveCfg = Debug|Any CPU
		{6423CEA7-9E46-48C4-B3C5-C0CFA5E5FF7A}.Debug|Any CPU.Build.0 = Debug|Any CPU
		{6423CEA7-9E46-48C4-B3C5-C0CFA5E5FF7A}.Debug|ARM.ActiveCfg = Debug|Any CPU
		{6423CEA7-9E46-48C4-B3C5-C0CFA5E5FF7A}.Debug|x64.ActiveCfg = Debug|Any CPU
		{6423CEA7-9E46-48C4-B3C5-C0CFA5E5FF7A}.Debug|x86.ActiveCfg = Debug|Any CPU
		{6423CEA7-9E46-48C4-B3C5-C0CFA5E5FF7A}.Release|Any CPU.ActiveCfg = Release|Any CPU
		{6423CEA7-9E46-48C4-B3C5-C0CFA5E5FF7A}.Release|Any CPU.Build.0 = Release|Any CPU
		{6423CEA7-9E46-48C4-B3C5-C0CFA5E5FF7A}.Release|ARM.ActiveCfg = Release|Any CPU
		{6423CEA7-9E46-48C4-B3C5-C0CFA5E5FF7A}.Release|x64.ActiveCfg = Release|Any CPU
		{6423CEA7-9E46-48C4-B3C5-C0CFA5E5FF7A}.Release|x86.ActiveCfg = Release|Any CPU
		{CAAC4A64-B32A-4011-952E-DED8225DEA8C}.Debug|Any CPU.ActiveCfg = Debug|Any CPU
		{CAAC4A64-B32A-4011-952E-DED8225DEA8C}.Debug|Any CPU.Build.0 = Debug|Any CPU
		{CAAC4A64-B32A-4011-952E-DED8225DEA8C}.Debug|ARM.ActiveCfg = Debug|Any CPU
		{CAAC4A64-B32A-4011-952E-DED8225DEA8C}.Debug|x64.ActiveCfg = Debug|Any CPU
		{CAAC4A64-B32A-4011-952E-DED8225DEA8C}.Debug|x86.ActiveCfg = Debug|Any CPU
		{CAAC4A64-B32A-4011-952E-DED8225DEA8C}.Release|Any CPU.ActiveCfg = Release|Any CPU
		{CAAC4A64-B32A-4011-952E-DED8225DEA8C}.Release|Any CPU.Build.0 = Release|Any CPU
		{CAAC4A64-B32A-4011-952E-DED8225DEA8C}.Release|ARM.ActiveCfg = Release|Any CPU
		{CAAC4A64-B32A-4011-952E-DED8225DEA8C}.Release|x64.ActiveCfg = Release|Any CPU
		{CAAC4A64-B32A-4011-952E-DED8225DEA8C}.Release|x86.ActiveCfg = Release|Any CPU
		{F67A0D17-6AB8-468B-B44A-1921998B075B}.Debug|Any CPU.ActiveCfg = Debug|Any CPU
		{F67A0D17-6AB8-468B-B44A-1921998B075B}.Debug|Any CPU.Build.0 = Debug|Any CPU
		{F67A0D17-6AB8-468B-B44A-1921998B075B}.Debug|ARM.ActiveCfg = Debug|Any CPU
		{F67A0D17-6AB8-468B-B44A-1921998B075B}.Debug|x64.ActiveCfg = Debug|Any CPU
		{F67A0D17-6AB8-468B-B44A-1921998B075B}.Debug|x86.ActiveCfg = Debug|Any CPU
		{F67A0D17-6AB8-468B-B44A-1921998B075B}.Release|Any CPU.ActiveCfg = Release|Any CPU
		{F67A0D17-6AB8-468B-B44A-1921998B075B}.Release|Any CPU.Build.0 = Release|Any CPU
		{F67A0D17-6AB8-468B-B44A-1921998B075B}.Release|ARM.ActiveCfg = Release|Any CPU
		{F67A0D17-6AB8-468B-B44A-1921998B075B}.Release|x64.ActiveCfg = Release|Any CPU
		{F67A0D17-6AB8-468B-B44A-1921998B075B}.Release|x86.ActiveCfg = Release|Any CPU
		{A27585F1-FCEE-407A-AFF0-F4D2300CA226}.Debug|Any CPU.ActiveCfg = Debug|Any CPU
		{A27585F1-FCEE-407A-AFF0-F4D2300CA226}.Debug|Any CPU.Build.0 = Debug|Any CPU
		{A27585F1-FCEE-407A-AFF0-F4D2300CA226}.Debug|ARM.ActiveCfg = Debug|Any CPU
		{A27585F1-FCEE-407A-AFF0-F4D2300CA226}.Debug|x64.ActiveCfg = Debug|Any CPU
		{A27585F1-FCEE-407A-AFF0-F4D2300CA226}.Debug|x86.ActiveCfg = Debug|Any CPU
		{A27585F1-FCEE-407A-AFF0-F4D2300CA226}.Release|Any CPU.ActiveCfg = Release|Any CPU
		{A27585F1-FCEE-407A-AFF0-F4D2300CA226}.Release|Any CPU.Build.0 = Release|Any CPU
		{A27585F1-FCEE-407A-AFF0-F4D2300CA226}.Release|ARM.ActiveCfg = Release|Any CPU
		{A27585F1-FCEE-407A-AFF0-F4D2300CA226}.Release|x64.ActiveCfg = Release|Any CPU
		{A27585F1-FCEE-407A-AFF0-F4D2300CA226}.Release|x86.ActiveCfg = Release|Any CPU
		{5E6FC290-8B43-4E53-BB07-CC2ABD839B75}.Debug|Any CPU.ActiveCfg = Debug|Any CPU
		{5E6FC290-8B43-4E53-BB07-CC2ABD839B75}.Debug|Any CPU.Build.0 = Debug|Any CPU
		{5E6FC290-8B43-4E53-BB07-CC2ABD839B75}.Debug|ARM.ActiveCfg = Debug|Any CPU
		{5E6FC290-8B43-4E53-BB07-CC2ABD839B75}.Debug|x64.ActiveCfg = Debug|Any CPU
		{5E6FC290-8B43-4E53-BB07-CC2ABD839B75}.Debug|x86.ActiveCfg = Debug|Any CPU
		{5E6FC290-8B43-4E53-BB07-CC2ABD839B75}.Release|Any CPU.ActiveCfg = Release|Any CPU
		{5E6FC290-8B43-4E53-BB07-CC2ABD839B75}.Release|Any CPU.Build.0 = Release|Any CPU
		{5E6FC290-8B43-4E53-BB07-CC2ABD839B75}.Release|ARM.ActiveCfg = Release|Any CPU
		{5E6FC290-8B43-4E53-BB07-CC2ABD839B75}.Release|x64.ActiveCfg = Release|Any CPU
		{5E6FC290-8B43-4E53-BB07-CC2ABD839B75}.Release|x86.ActiveCfg = Release|Any CPU
		{73982C18-43D0-4D58-859E-9DC7D26AE495}.Debug|Any CPU.ActiveCfg = Debug|Any CPU
		{73982C18-43D0-4D58-859E-9DC7D26AE495}.Debug|Any CPU.Build.0 = Debug|Any CPU
		{73982C18-43D0-4D58-859E-9DC7D26AE495}.Debug|ARM.ActiveCfg = Debug|Any CPU
		{73982C18-43D0-4D58-859E-9DC7D26AE495}.Debug|x64.ActiveCfg = Debug|Any CPU
		{73982C18-43D0-4D58-859E-9DC7D26AE495}.Debug|x86.ActiveCfg = Debug|Any CPU
		{73982C18-43D0-4D58-859E-9DC7D26AE495}.Release|Any CPU.ActiveCfg = Release|Any CPU
		{73982C18-43D0-4D58-859E-9DC7D26AE495}.Release|Any CPU.Build.0 = Release|Any CPU
		{73982C18-43D0-4D58-859E-9DC7D26AE495}.Release|ARM.ActiveCfg = Release|Any CPU
		{73982C18-43D0-4D58-859E-9DC7D26AE495}.Release|x64.ActiveCfg = Release|Any CPU
		{73982C18-43D0-4D58-859E-9DC7D26AE495}.Release|x86.ActiveCfg = Release|Any CPU
		{89BC656B-E102-4812-8C82-FC2F3DB23A94}.Debug|Any CPU.ActiveCfg = Debug|Any CPU
		{89BC656B-E102-4812-8C82-FC2F3DB23A94}.Debug|Any CPU.Build.0 = Debug|Any CPU
		{89BC656B-E102-4812-8C82-FC2F3DB23A94}.Debug|ARM.ActiveCfg = Debug|Any CPU
		{89BC656B-E102-4812-8C82-FC2F3DB23A94}.Debug|x64.ActiveCfg = Debug|Any CPU
		{89BC656B-E102-4812-8C82-FC2F3DB23A94}.Debug|x86.ActiveCfg = Debug|Any CPU
		{89BC656B-E102-4812-8C82-FC2F3DB23A94}.Release|Any CPU.ActiveCfg = Release|Any CPU
		{89BC656B-E102-4812-8C82-FC2F3DB23A94}.Release|Any CPU.Build.0 = Release|Any CPU
		{89BC656B-E102-4812-8C82-FC2F3DB23A94}.Release|ARM.ActiveCfg = Release|Any CPU
		{89BC656B-E102-4812-8C82-FC2F3DB23A94}.Release|x64.ActiveCfg = Release|Any CPU
		{89BC656B-E102-4812-8C82-FC2F3DB23A94}.Release|x86.ActiveCfg = Release|Any CPU
		{FD1B6F63-EBE6-46FA-B85B-D98A698662FD}.Debug|Any CPU.ActiveCfg = Debug|Any CPU
		{FD1B6F63-EBE6-46FA-B85B-D98A698662FD}.Debug|Any CPU.Build.0 = Debug|Any CPU
		{FD1B6F63-EBE6-46FA-B85B-D98A698662FD}.Debug|ARM.ActiveCfg = Debug|Any CPU
		{FD1B6F63-EBE6-46FA-B85B-D98A698662FD}.Debug|x64.ActiveCfg = Debug|Any CPU
		{FD1B6F63-EBE6-46FA-B85B-D98A698662FD}.Debug|x86.ActiveCfg = Debug|Any CPU
		{FD1B6F63-EBE6-46FA-B85B-D98A698662FD}.Release|Any CPU.ActiveCfg = Release|Any CPU
		{FD1B6F63-EBE6-46FA-B85B-D98A698662FD}.Release|Any CPU.Build.0 = Release|Any CPU
		{FD1B6F63-EBE6-46FA-B85B-D98A698662FD}.Release|ARM.ActiveCfg = Release|Any CPU
		{FD1B6F63-EBE6-46FA-B85B-D98A698662FD}.Release|x64.ActiveCfg = Release|Any CPU
		{FD1B6F63-EBE6-46FA-B85B-D98A698662FD}.Release|x86.ActiveCfg = Release|Any CPU
		{DFEA50F5-3668-48C5-AFB4-C874E23E0786}.Debug|Any CPU.ActiveCfg = Debug|Any CPU
		{DFEA50F5-3668-48C5-AFB4-C874E23E0786}.Debug|Any CPU.Build.0 = Debug|Any CPU
		{DFEA50F5-3668-48C5-AFB4-C874E23E0786}.Debug|ARM.ActiveCfg = Debug|Any CPU
		{DFEA50F5-3668-48C5-AFB4-C874E23E0786}.Debug|x64.ActiveCfg = Debug|Any CPU
		{DFEA50F5-3668-48C5-AFB4-C874E23E0786}.Debug|x86.ActiveCfg = Debug|Any CPU
		{DFEA50F5-3668-48C5-AFB4-C874E23E0786}.Release|Any CPU.ActiveCfg = Release|Any CPU
		{DFEA50F5-3668-48C5-AFB4-C874E23E0786}.Release|Any CPU.Build.0 = Release|Any CPU
		{DFEA50F5-3668-48C5-AFB4-C874E23E0786}.Release|ARM.ActiveCfg = Release|Any CPU
		{DFEA50F5-3668-48C5-AFB4-C874E23E0786}.Release|x64.ActiveCfg = Release|Any CPU
		{DFEA50F5-3668-48C5-AFB4-C874E23E0786}.Release|x86.ActiveCfg = Release|Any CPU
		{B068DE33-0C58-4363-92AE-3A0D33B283C6}.Debug|Any CPU.ActiveCfg = Debug|Any CPU
		{B068DE33-0C58-4363-92AE-3A0D33B283C6}.Debug|Any CPU.Build.0 = Debug|Any CPU
		{B068DE33-0C58-4363-92AE-3A0D33B283C6}.Debug|ARM.ActiveCfg = Debug|ARM
		{B068DE33-0C58-4363-92AE-3A0D33B283C6}.Debug|ARM.Build.0 = Debug|ARM
		{B068DE33-0C58-4363-92AE-3A0D33B283C6}.Debug|x64.ActiveCfg = Debug|x64
		{B068DE33-0C58-4363-92AE-3A0D33B283C6}.Debug|x64.Build.0 = Debug|x64
		{B068DE33-0C58-4363-92AE-3A0D33B283C6}.Debug|x86.ActiveCfg = Debug|x86
		{B068DE33-0C58-4363-92AE-3A0D33B283C6}.Debug|x86.Build.0 = Debug|x86
		{B068DE33-0C58-4363-92AE-3A0D33B283C6}.Release|Any CPU.ActiveCfg = Release|Any CPU
		{B068DE33-0C58-4363-92AE-3A0D33B283C6}.Release|Any CPU.Build.0 = Release|Any CPU
		{B068DE33-0C58-4363-92AE-3A0D33B283C6}.Release|ARM.ActiveCfg = Release|ARM
		{B068DE33-0C58-4363-92AE-3A0D33B283C6}.Release|ARM.Build.0 = Release|ARM
		{B068DE33-0C58-4363-92AE-3A0D33B283C6}.Release|x64.ActiveCfg = Release|x64
		{B068DE33-0C58-4363-92AE-3A0D33B283C6}.Release|x64.Build.0 = Release|x64
		{B068DE33-0C58-4363-92AE-3A0D33B283C6}.Release|x86.ActiveCfg = Release|x86
		{B068DE33-0C58-4363-92AE-3A0D33B283C6}.Release|x86.Build.0 = Release|x86
		{F7853041-052E-4539-B178-665C6A4154F0}.Debug|Any CPU.ActiveCfg = Debug|Any CPU
		{F7853041-052E-4539-B178-665C6A4154F0}.Debug|Any CPU.Build.0 = Debug|Any CPU
		{F7853041-052E-4539-B178-665C6A4154F0}.Debug|ARM.ActiveCfg = Debug|ARM
		{F7853041-052E-4539-B178-665C6A4154F0}.Debug|ARM.Build.0 = Debug|ARM
		{F7853041-052E-4539-B178-665C6A4154F0}.Debug|x64.ActiveCfg = Debug|x64
		{F7853041-052E-4539-B178-665C6A4154F0}.Debug|x64.Build.0 = Debug|x64
		{F7853041-052E-4539-B178-665C6A4154F0}.Debug|x86.ActiveCfg = Debug|x86
		{F7853041-052E-4539-B178-665C6A4154F0}.Debug|x86.Build.0 = Debug|x86
		{F7853041-052E-4539-B178-665C6A4154F0}.Release|Any CPU.ActiveCfg = Release|Any CPU
		{F7853041-052E-4539-B178-665C6A4154F0}.Release|Any CPU.Build.0 = Release|Any CPU
		{F7853041-052E-4539-B178-665C6A4154F0}.Release|ARM.ActiveCfg = Release|ARM
		{F7853041-052E-4539-B178-665C6A4154F0}.Release|ARM.Build.0 = Release|ARM
		{F7853041-052E-4539-B178-665C6A4154F0}.Release|x64.ActiveCfg = Release|x64
		{F7853041-052E-4539-B178-665C6A4154F0}.Release|x64.Build.0 = Release|x64
		{F7853041-052E-4539-B178-665C6A4154F0}.Release|x86.ActiveCfg = Release|x86
		{F7853041-052E-4539-B178-665C6A4154F0}.Release|x86.Build.0 = Release|x86
		{39F7BFC0-CF00-4374-B7F2-DFB235B4B588}.Debug|Any CPU.ActiveCfg = Debug|Any CPU
		{39F7BFC0-CF00-4374-B7F2-DFB235B4B588}.Debug|Any CPU.Build.0 = Debug|Any CPU
		{39F7BFC0-CF00-4374-B7F2-DFB235B4B588}.Debug|Any CPU.Deploy.0 = Debug|Any CPU
		{39F7BFC0-CF00-4374-B7F2-DFB235B4B588}.Debug|ARM.ActiveCfg = Debug|ARM
		{39F7BFC0-CF00-4374-B7F2-DFB235B4B588}.Debug|ARM.Build.0 = Debug|ARM
		{39F7BFC0-CF00-4374-B7F2-DFB235B4B588}.Debug|ARM.Deploy.0 = Debug|ARM
		{39F7BFC0-CF00-4374-B7F2-DFB235B4B588}.Debug|x64.ActiveCfg = Debug|x64
		{39F7BFC0-CF00-4374-B7F2-DFB235B4B588}.Debug|x64.Build.0 = Debug|x64
		{39F7BFC0-CF00-4374-B7F2-DFB235B4B588}.Debug|x64.Deploy.0 = Debug|x64
		{39F7BFC0-CF00-4374-B7F2-DFB235B4B588}.Debug|x86.ActiveCfg = Debug|x86
		{39F7BFC0-CF00-4374-B7F2-DFB235B4B588}.Debug|x86.Build.0 = Debug|x86
		{39F7BFC0-CF00-4374-B7F2-DFB235B4B588}.Debug|x86.Deploy.0 = Debug|x86
		{39F7BFC0-CF00-4374-B7F2-DFB235B4B588}.Release|Any CPU.ActiveCfg = Release|Any CPU
		{39F7BFC0-CF00-4374-B7F2-DFB235B4B588}.Release|Any CPU.Build.0 = Release|Any CPU
		{39F7BFC0-CF00-4374-B7F2-DFB235B4B588}.Release|Any CPU.Deploy.0 = Release|Any CPU
		{39F7BFC0-CF00-4374-B7F2-DFB235B4B588}.Release|ARM.ActiveCfg = Release|ARM
		{39F7BFC0-CF00-4374-B7F2-DFB235B4B588}.Release|ARM.Build.0 = Release|ARM
		{39F7BFC0-CF00-4374-B7F2-DFB235B4B588}.Release|ARM.Deploy.0 = Release|ARM
		{39F7BFC0-CF00-4374-B7F2-DFB235B4B588}.Release|x64.ActiveCfg = Release|x64
		{39F7BFC0-CF00-4374-B7F2-DFB235B4B588}.Release|x64.Build.0 = Release|x64
		{39F7BFC0-CF00-4374-B7F2-DFB235B4B588}.Release|x64.Deploy.0 = Release|x64
		{39F7BFC0-CF00-4374-B7F2-DFB235B4B588}.Release|x86.ActiveCfg = Release|x86
		{39F7BFC0-CF00-4374-B7F2-DFB235B4B588}.Release|x86.Build.0 = Release|x86
		{39F7BFC0-CF00-4374-B7F2-DFB235B4B588}.Release|x86.Deploy.0 = Release|x86
		{E2822050-3DD1-448E-818D-A8FC2B8CD083}.Debug|Any CPU.ActiveCfg = Debug|Any CPU
		{E2822050-3DD1-448E-818D-A8FC2B8CD083}.Debug|Any CPU.Build.0 = Debug|Any CPU
		{E2822050-3DD1-448E-818D-A8FC2B8CD083}.Debug|ARM.ActiveCfg = Debug|ARM
		{E2822050-3DD1-448E-818D-A8FC2B8CD083}.Debug|ARM.Build.0 = Debug|ARM
		{E2822050-3DD1-448E-818D-A8FC2B8CD083}.Debug|x64.ActiveCfg = Debug|x64
		{E2822050-3DD1-448E-818D-A8FC2B8CD083}.Debug|x64.Build.0 = Debug|x64
		{E2822050-3DD1-448E-818D-A8FC2B8CD083}.Debug|x86.ActiveCfg = Debug|x86
		{E2822050-3DD1-448E-818D-A8FC2B8CD083}.Debug|x86.Build.0 = Debug|x86
		{E2822050-3DD1-448E-818D-A8FC2B8CD083}.Release|Any CPU.ActiveCfg = Release|Any CPU
		{E2822050-3DD1-448E-818D-A8FC2B8CD083}.Release|Any CPU.Build.0 = Release|Any CPU
		{E2822050-3DD1-448E-818D-A8FC2B8CD083}.Release|ARM.ActiveCfg = Release|ARM
		{E2822050-3DD1-448E-818D-A8FC2B8CD083}.Release|ARM.Build.0 = Release|ARM
		{E2822050-3DD1-448E-818D-A8FC2B8CD083}.Release|x64.ActiveCfg = Release|x64
		{E2822050-3DD1-448E-818D-A8FC2B8CD083}.Release|x64.Build.0 = Release|x64
		{E2822050-3DD1-448E-818D-A8FC2B8CD083}.Release|x86.ActiveCfg = Release|x86
		{E2822050-3DD1-448E-818D-A8FC2B8CD083}.Release|x86.Build.0 = Release|x86
	EndGlobalSection
	GlobalSection(SolutionProperties) = preSolution
		HideSolutionNode = FALSE
	EndGlobalSection
	GlobalSection(NestedProjects) = preSolution
		{CAAC4A64-B32A-4011-952E-DED8225DEA8C} = {62D7089D-37DB-4B9C-9912-61441AAA1490}
		{73982C18-43D0-4D58-859E-9DC7D26AE495} = {62D7089D-37DB-4B9C-9912-61441AAA1490}
		{E2822050-3DD1-448E-818D-A8FC2B8CD083} = {62D7089D-37DB-4B9C-9912-61441AAA1490}
		{89BC656B-E102-4812-8C82-FC2F3DB23A94} = {A673F37C-A8F8-4BA3-ABFA-E4AF497A4E3B}
		{FD1B6F63-EBE6-46FA-B85B-D98A698662FD} = {A673F37C-A8F8-4BA3-ABFA-E4AF497A4E3B}
		{DFEA50F5-3668-48C5-AFB4-C874E23E0786} = {A673F37C-A8F8-4BA3-ABFA-E4AF497A4E3B}
		{39F7BFC0-CF00-4374-B7F2-DFB235B4B588} = {A673F37C-A8F8-4BA3-ABFA-E4AF497A4E3B}
	EndGlobalSection
EndGlobal
